// !$*UTF8*$!
{
	archiveVersion = 1;
	classes = {
	};
	objectVersion = 50;
	objects = {

/* Begin PBXBuildFile section */
		1438DC34235DD56C00E51875 /* AppDelegate.swift in Sources */ = {isa = PBXBuildFile; fileRef = 1438DC33235DD56C00E51875 /* AppDelegate.swift */; };
		1438DC36235DD56C00E51875 /* SceneDelegate.swift in Sources */ = {isa = PBXBuildFile; fileRef = 1438DC35235DD56C00E51875 /* SceneDelegate.swift */; };
		1438DC38235DD56C00E51875 /* ViewController.swift in Sources */ = {isa = PBXBuildFile; fileRef = 1438DC37235DD56C00E51875 /* ViewController.swift */; };
		1438DC3B235DD56C00E51875 /* Main.storyboard in Resources */ = {isa = PBXBuildFile; fileRef = 1438DC39235DD56C00E51875 /* Main.storyboard */; };
		1438DC3D235DD57000E51875 /* Assets.xcassets in Resources */ = {isa = PBXBuildFile; fileRef = 1438DC3C235DD57000E51875 /* Assets.xcassets */; };
		1438DC40235DD57000E51875 /* LaunchScreen.storyboard in Resources */ = {isa = PBXBuildFile; fileRef = 1438DC3E235DD57000E51875 /* LaunchScreen.storyboard */; };
		1438DC4B235DD57100E51875 /* Gokada_App_iOSTests.swift in Sources */ = {isa = PBXBuildFile; fileRef = 1438DC4A235DD57100E51875 /* Gokada_App_iOSTests.swift */; };
		1438DC56235DD57100E51875 /* Gokada_App_iOSUITests.swift in Sources */ = {isa = PBXBuildFile; fileRef = 1438DC55235DD57100E51875 /* Gokada_App_iOSUITests.swift */; };
/* End PBXBuildFile section */

/* Begin PBXContainerItemProxy section */
		1438DC47235DD57100E51875 /* PBXContainerItemProxy */ = {
			isa = PBXContainerItemProxy;
			containerPortal = 1438DC28235DD56B00E51875 /* Project object */;
			proxyType = 1;
			remoteGlobalIDString = 1438DC2F235DD56C00E51875;
			remoteInfo = "Gokada App iOS";
		};
		1438DC52235DD57100E51875 /* PBXContainerItemProxy */ = {
			isa = PBXContainerItemProxy;
			containerPortal = 1438DC28235DD56B00E51875 /* Project object */;
			proxyType = 1;
			remoteGlobalIDString = 1438DC2F235DD56C00E51875;
			remoteInfo = "Gokada App iOS";
		};
/* End PBXContainerItemProxy section */

/* Begin PBXFileReference section */
		1438DC30235DD56C00E51875 /* Gokada App iOS.app */ = {isa = PBXFileReference; explicitFileType = wrapper.application; includeInIndex = 0; path = "Gokada App iOS.app"; sourceTree = BUILT_PRODUCTS_DIR; };
		1438DC33235DD56C00E51875 /* AppDelegate.swift */ = {isa = PBXFileReference; lastKnownFileType = sourcecode.swift; path = AppDelegate.swift; sourceTree = "<group>"; };
		1438DC35235DD56C00E51875 /* SceneDelegate.swift */ = {isa = PBXFileReference; lastKnownFileType = sourcecode.swift; path = SceneDelegate.swift; sourceTree = "<group>"; };
		1438DC37235DD56C00E51875 /* ViewController.swift */ = {isa = PBXFileReference; lastKnownFileType = sourcecode.swift; path = ViewController.swift; sourceTree = "<group>"; };
		1438DC3A235DD56C00E51875 /* Base */ = {isa = PBXFileReference; lastKnownFileType = file.storyboard; name = Base; path = Base.lproj/Main.storyboard; sourceTree = "<group>"; };
		1438DC3C235DD57000E51875 /* Assets.xcassets */ = {isa = PBXFileReference; lastKnownFileType = folder.assetcatalog; path = Assets.xcassets; sourceTree = "<group>"; };
		1438DC3F235DD57000E51875 /* Base */ = {isa = PBXFileReference; lastKnownFileType = file.storyboard; name = Base; path = Base.lproj/LaunchScreen.storyboard; sourceTree = "<group>"; };
		1438DC41235DD57000E51875 /* Info.plist */ = {isa = PBXFileReference; lastKnownFileType = text.plist.xml; path = Info.plist; sourceTree = "<group>"; };
		1438DC46235DD57100E51875 /* Gokada App iOSTests.xctest */ = {isa = PBXFileReference; explicitFileType = wrapper.cfbundle; includeInIndex = 0; path = "Gokada App iOSTests.xctest"; sourceTree = BUILT_PRODUCTS_DIR; };
		1438DC4A235DD57100E51875 /* Gokada_App_iOSTests.swift */ = {isa = PBXFileReference; lastKnownFileType = sourcecode.swift; path = Gokada_App_iOSTests.swift; sourceTree = "<group>"; };
		1438DC4C235DD57100E51875 /* Info.plist */ = {isa = PBXFileReference; lastKnownFileType = text.plist.xml; path = Info.plist; sourceTree = "<group>"; };
		1438DC51235DD57100E51875 /* Gokada App iOSUITests.xctest */ = {isa = PBXFileReference; explicitFileType = wrapper.cfbundle; includeInIndex = 0; path = "Gokada App iOSUITests.xctest"; sourceTree = BUILT_PRODUCTS_DIR; };
		1438DC55235DD57100E51875 /* Gokada_App_iOSUITests.swift */ = {isa = PBXFileReference; lastKnownFileType = sourcecode.swift; path = Gokada_App_iOSUITests.swift; sourceTree = "<group>"; };
		1438DC57235DD57100E51875 /* Info.plist */ = {isa = PBXFileReference; lastKnownFileType = text.plist.xml; path = Info.plist; sourceTree = "<group>"; };
/* End PBXFileReference section */

/* Begin PBXFrameworksBuildPhase section */
		1438DC2D235DD56C00E51875 /* Frameworks */ = {
			isa = PBXFrameworksBuildPhase;
			buildActionMask = 2147483647;
			files = (
			);
			runOnlyForDeploymentPostprocessing = 0;
		};
		1438DC43235DD57100E51875 /* Frameworks */ = {
			isa = PBXFrameworksBuildPhase;
			buildActionMask = 2147483647;
			files = (
			);
			runOnlyForDeploymentPostprocessing = 0;
		};
		1438DC4E235DD57100E51875 /* Frameworks */ = {
			isa = PBXFrameworksBuildPhase;
			buildActionMask = 2147483647;
			files = (
			);
			runOnlyForDeploymentPostprocessing = 0;
		};
/* End PBXFrameworksBuildPhase section */

/* Begin PBXGroup section */
		1438DC27235DD56B00E51875 = {
			isa = PBXGroup;
			children = (
				1438DC32235DD56C00E51875 /* Gokada App iOS */,
				1438DC49235DD57100E51875 /* Gokada App iOSTests */,
				1438DC54235DD57100E51875 /* Gokada App iOSUITests */,
				1438DC31235DD56C00E51875 /* Products */,
			);
			sourceTree = "<group>";
		};
		1438DC31235DD56C00E51875 /* Products */ = {
			isa = PBXGroup;
			children = (
				1438DC30235DD56C00E51875 /* Gokada App iOS.app */,
				1438DC46235DD57100E51875 /* Gokada App iOSTests.xctest */,
				1438DC51235DD57100E51875 /* Gokada App iOSUITests.xctest */,
			);
			name = Products;
			sourceTree = "<group>";
		};
		1438DC32235DD56C00E51875 /* Gokada App iOS */ = {
			isa = PBXGroup;
			children = (
				1438DC33235DD56C00E51875 /* AppDelegate.swift */,
				1438DC35235DD56C00E51875 /* SceneDelegate.swift */,
				1438DC37235DD56C00E51875 /* ViewController.swift */,
				1438DC39235DD56C00E51875 /* Main.storyboard */,
				1438DC3C235DD57000E51875 /* Assets.xcassets */,
				1438DC3E235DD57000E51875 /* LaunchScreen.storyboard */,
				1438DC41235DD57000E51875 /* Info.plist */,
			);
			path = "Gokada App iOS";
			sourceTree = "<group>";
		};
		1438DC49235DD57100E51875 /* Gokada App iOSTests */ = {
			isa = PBXGroup;
			children = (
				1438DC4A235DD57100E51875 /* Gokada_App_iOSTests.swift */,
				1438DC4C235DD57100E51875 /* Info.plist */,
			);
			path = "Gokada App iOSTests";
			sourceTree = "<group>";
		};
		1438DC54235DD57100E51875 /* Gokada App iOSUITests */ = {
			isa = PBXGroup;
			children = (
				1438DC55235DD57100E51875 /* Gokada_App_iOSUITests.swift */,
				1438DC57235DD57100E51875 /* Info.plist */,
			);
			path = "Gokada App iOSUITests";
			sourceTree = "<group>";
		};
/* End PBXGroup section */

/* Begin PBXNativeTarget section */
		1438DC2F235DD56C00E51875 /* Gokada App iOS */ = {
			isa = PBXNativeTarget;
			buildConfigurationList = 1438DC5A235DD57100E51875 /* Build configuration list for PBXNativeTarget "Gokada App iOS" */;
			buildPhases = (
				1438DC2C235DD56C00E51875 /* Sources */,
				1438DC2D235DD56C00E51875 /* Frameworks */,
				1438DC2E235DD56C00E51875 /* Resources */,
			);
			buildRules = (
			);
			dependencies = (
			);
			name = "Gokada App iOS";
			productName = "Gokada App iOS";
			productReference = 1438DC30235DD56C00E51875 /* Gokada App iOS.app */;
			productType = "com.apple.product-type.application";
		};
		1438DC45235DD57100E51875 /* Gokada App iOSTests */ = {
			isa = PBXNativeTarget;
			buildConfigurationList = 1438DC5D235DD57100E51875 /* Build configuration list for PBXNativeTarget "Gokada App iOSTests" */;
			buildPhases = (
				1438DC42235DD57100E51875 /* Sources */,
				1438DC43235DD57100E51875 /* Frameworks */,
				1438DC44235DD57100E51875 /* Resources */,
			);
			buildRules = (
			);
			dependencies = (
				1438DC48235DD57100E51875 /* PBXTargetDependency */,
			);
			name = "Gokada App iOSTests";
			productName = "Gokada App iOSTests";
			productReference = 1438DC46235DD57100E51875 /* Gokada App iOSTests.xctest */;
			productType = "com.apple.product-type.bundle.unit-test";
		};
		1438DC50235DD57100E51875 /* Gokada App iOSUITests */ = {
			isa = PBXNativeTarget;
			buildConfigurationList = 1438DC60235DD57100E51875 /* Build configuration list for PBXNativeTarget "Gokada App iOSUITests" */;
			buildPhases = (
				1438DC4D235DD57100E51875 /* Sources */,
				1438DC4E235DD57100E51875 /* Frameworks */,
				1438DC4F235DD57100E51875 /* Resources */,
			);
			buildRules = (
			);
			dependencies = (
				1438DC53235DD57100E51875 /* PBXTargetDependency */,
			);
			name = "Gokada App iOSUITests";
			productName = "Gokada App iOSUITests";
			productReference = 1438DC51235DD57100E51875 /* Gokada App iOSUITests.xctest */;
			productType = "com.apple.product-type.bundle.ui-testing";
		};
/* End PBXNativeTarget section */

/* Begin PBXProject section */
		1438DC28235DD56B00E51875 /* Project object */ = {
			isa = PBXProject;
			attributes = {
				LastSwiftUpdateCheck = 1110;
				LastUpgradeCheck = 1110;
				ORGANIZATIONNAME = Gokada;
				TargetAttributes = {
					1438DC2F235DD56C00E51875 = {
						CreatedOnToolsVersion = 11.1;
					};
					1438DC45235DD57100E51875 = {
						CreatedOnToolsVersion = 11.1;
						TestTargetID = 1438DC2F235DD56C00E51875;
					};
					1438DC50235DD57100E51875 = {
						CreatedOnToolsVersion = 11.1;
						TestTargetID = 1438DC2F235DD56C00E51875;
					};
				};
			};
			buildConfigurationList = 1438DC2B235DD56B00E51875 /* Build configuration list for PBXProject "Gokada App iOS" */;
			compatibilityVersion = "Xcode 9.3";
			developmentRegion = en;
			hasScannedForEncodings = 0;
			knownRegions = (
				en,
				Base,
			);
			mainGroup = 1438DC27235DD56B00E51875;
			productRefGroup = 1438DC31235DD56C00E51875 /* Products */;
			projectDirPath = "";
			projectRoot = "";
			targets = (
				1438DC2F235DD56C00E51875 /* Gokada App iOS */,
				1438DC45235DD57100E51875 /* Gokada App iOSTests */,
				1438DC50235DD57100E51875 /* Gokada App iOSUITests */,
			);
		};
/* End PBXProject section */

/* Begin PBXResourcesBuildPhase section */
		1438DC2E235DD56C00E51875 /* Resources */ = {
			isa = PBXResourcesBuildPhase;
			buildActionMask = 2147483647;
			files = (
				1438DC40235DD57000E51875 /* LaunchScreen.storyboard in Resources */,
				1438DC3D235DD57000E51875 /* Assets.xcassets in Resources */,
				1438DC3B235DD56C00E51875 /* Main.storyboard in Resources */,
			);
			runOnlyForDeploymentPostprocessing = 0;
		};
		1438DC44235DD57100E51875 /* Resources */ = {
			isa = PBXResourcesBuildPhase;
			buildActionMask = 2147483647;
			files = (
			);
			runOnlyForDeploymentPostprocessing = 0;
		};
		1438DC4F235DD57100E51875 /* Resources */ = {
			isa = PBXResourcesBuildPhase;
			buildActionMask = 2147483647;
			files = (
			);
			runOnlyForDeploymentPostprocessing = 0;
		};
/* End PBXResourcesBuildPhase section */

/* Begin PBXSourcesBuildPhase section */
		1438DC2C235DD56C00E51875 /* Sources */ = {
			isa = PBXSourcesBuildPhase;
			buildActionMask = 2147483647;
			files = (
				1438DC38235DD56C00E51875 /* ViewController.swift in Sources */,
				1438DC34235DD56C00E51875 /* AppDelegate.swift in Sources */,
				1438DC36235DD56C00E51875 /* SceneDelegate.swift in Sources */,
			);
			runOnlyForDeploymentPostprocessing = 0;
		};
		1438DC42235DD57100E51875 /* Sources */ = {
			isa = PBXSourcesBuildPhase;
			buildActionMask = 2147483647;
			files = (
				1438DC4B235DD57100E51875 /* Gokada_App_iOSTests.swift in Sources */,
			);
			runOnlyForDeploymentPostprocessing = 0;
		};
		1438DC4D235DD57100E51875 /* Sources */ = {
			isa = PBXSourcesBuildPhase;
			buildActionMask = 2147483647;
			files = (
				1438DC56235DD57100E51875 /* Gokada_App_iOSUITests.swift in Sources */,
			);
			runOnlyForDeploymentPostprocessing = 0;
		};
/* End PBXSourcesBuildPhase section */

/* Begin PBXTargetDependency section */
		1438DC48235DD57100E51875 /* PBXTargetDependency */ = {
			isa = PBXTargetDependency;
			target = 1438DC2F235DD56C00E51875 /* Gokada App iOS */;
			targetProxy = 1438DC47235DD57100E51875 /* PBXContainerItemProxy */;
		};
		1438DC53235DD57100E51875 /* PBXTargetDependency */ = {
			isa = PBXTargetDependency;
			target = 1438DC2F235DD56C00E51875 /* Gokada App iOS */;
			targetProxy = 1438DC52235DD57100E51875 /* PBXContainerItemProxy */;
		};
/* End PBXTargetDependency section */

/* Begin PBXVariantGroup section */
		1438DC39235DD56C00E51875 /* Main.storyboard */ = {
			isa = PBXVariantGroup;
			children = (
				1438DC3A235DD56C00E51875 /* Base */,
			);
			name = Main.storyboard;
			sourceTree = "<group>";
		};
		1438DC3E235DD57000E51875 /* LaunchScreen.storyboard */ = {
			isa = PBXVariantGroup;
			children = (
				1438DC3F235DD57000E51875 /* Base */,
			);
			name = LaunchScreen.storyboard;
			sourceTree = "<group>";
		};
/* End PBXVariantGroup section */

/* Begin XCBuildConfiguration section */
		1438DC58235DD57100E51875 /* Debug */ = {
			isa = XCBuildConfiguration;
			buildSettings = {
				ALWAYS_SEARCH_USER_PATHS = NO;
				CLANG_ANALYZER_NONNULL = YES;
				CLANG_ANALYZER_NUMBER_OBJECT_CONVERSION = YES_AGGRESSIVE;
				CLANG_CXX_LANGUAGE_STANDARD = "gnu++14";
				CLANG_CXX_LIBRARY = "libc++";
				CLANG_ENABLE_MODULES = YES;
				CLANG_ENABLE_OBJC_ARC = YES;
				CLANG_ENABLE_OBJC_WEAK = YES;
				CLANG_WARN_BLOCK_CAPTURE_AUTORELEASING = YES;
				CLANG_WARN_BOOL_CONVERSION = YES;
				CLANG_WARN_COMMA = YES;
				CLANG_WARN_CONSTANT_CONVERSION = YES;
				CLANG_WARN_DEPRECATED_OBJC_IMPLEMENTATIONS = YES;
				CLANG_WARN_DIRECT_OBJC_ISA_USAGE = YES_ERROR;
				CLANG_WARN_DOCUMENTATION_COMMENTS = YES;
				CLANG_WARN_EMPTY_BODY = YES;
				CLANG_WARN_ENUM_CONVERSION = YES;
				CLANG_WARN_INFINITE_RECURSION = YES;
				CLANG_WARN_INT_CONVERSION = YES;
				CLANG_WARN_NON_LITERAL_NULL_CONVERSION = YES;
				CLANG_WARN_OBJC_IMPLICIT_RETAIN_SELF = YES;
				CLANG_WARN_OBJC_LITERAL_CONVERSION = YES;
				CLANG_WARN_OBJC_ROOT_CLASS = YES_ERROR;
				CLANG_WARN_RANGE_LOOP_ANALYSIS = YES;
				CLANG_WARN_STRICT_PROTOTYPES = YES;
				CLANG_WARN_SUSPICIOUS_MOVE = YES;
				CLANG_WARN_UNGUARDED_AVAILABILITY = YES_AGGRESSIVE;
				CLANG_WARN_UNREACHABLE_CODE = YES;
				CLANG_WARN__DUPLICATE_METHOD_MATCH = YES;
				COPY_PHASE_STRIP = NO;
				DEBUG_INFORMATION_FORMAT = dwarf;
				ENABLE_STRICT_OBJC_MSGSEND = YES;
				ENABLE_TESTABILITY = YES;
				GCC_C_LANGUAGE_STANDARD = gnu11;
				GCC_DYNAMIC_NO_PIC = NO;
				GCC_NO_COMMON_BLOCKS = YES;
				GCC_OPTIMIZATION_LEVEL = 0;
				GCC_PREPROCESSOR_DEFINITIONS = (
					"DEBUG=1",
					"$(inherited)",
				);
				GCC_WARN_64_TO_32_BIT_CONVERSION = YES;
				GCC_WARN_ABOUT_RETURN_TYPE = YES_ERROR;
				GCC_WARN_UNDECLARED_SELECTOR = YES;
				GCC_WARN_UNINITIALIZED_AUTOS = YES_AGGRESSIVE;
				GCC_WARN_UNUSED_FUNCTION = YES;
				GCC_WARN_UNUSED_VARIABLE = YES;
				IPHONEOS_DEPLOYMENT_TARGET = 13.1;
				MTL_ENABLE_DEBUG_INFO = INCLUDE_SOURCE;
				MTL_FAST_MATH = YES;
				ONLY_ACTIVE_ARCH = YES;
				SDKROOT = iphoneos;
				SWIFT_ACTIVE_COMPILATION_CONDITIONS = DEBUG;
				SWIFT_OPTIMIZATION_LEVEL = "-Onone";
			};
			name = Debug;
		};
		1438DC59235DD57100E51875 /* Release */ = {
			isa = XCBuildConfiguration;
			buildSettings = {
				ALWAYS_SEARCH_USER_PATHS = NO;
				CLANG_ANALYZER_NONNULL = YES;
				CLANG_ANALYZER_NUMBER_OBJECT_CONVERSION = YES_AGGRESSIVE;
				CLANG_CXX_LANGUAGE_STANDARD = "gnu++14";
				CLANG_CXX_LIBRARY = "libc++";
				CLANG_ENABLE_MODULES = YES;
				CLANG_ENABLE_OBJC_ARC = YES;
				CLANG_ENABLE_OBJC_WEAK = YES;
				CLANG_WARN_BLOCK_CAPTURE_AUTORELEASING = YES;
				CLANG_WARN_BOOL_CONVERSION = YES;
				CLANG_WARN_COMMA = YES;
				CLANG_WARN_CONSTANT_CONVERSION = YES;
				CLANG_WARN_DEPRECATED_OBJC_IMPLEMENTATIONS = YES;
				CLANG_WARN_DIRECT_OBJC_ISA_USAGE = YES_ERROR;
				CLANG_WARN_DOCUMENTATION_COMMENTS = YES;
				CLANG_WARN_EMPTY_BODY = YES;
				CLANG_WARN_ENUM_CONVERSION = YES;
				CLANG_WARN_INFINITE_RECURSION = YES;
				CLANG_WARN_INT_CONVERSION = YES;
				CLANG_WARN_NON_LITERAL_NULL_CONVERSION = YES;
				CLANG_WARN_OBJC_IMPLICIT_RETAIN_SELF = YES;
				CLANG_WARN_OBJC_LITERAL_CONVERSION = YES;
				CLANG_WARN_OBJC_ROOT_CLASS = YES_ERROR;
				CLANG_WARN_RANGE_LOOP_ANALYSIS = YES;
				CLANG_WARN_STRICT_PROTOTYPES = YES;
				CLANG_WARN_SUSPICIOUS_MOVE = YES;
				CLANG_WARN_UNGUARDED_AVAILABILITY = YES_AGGRESSIVE;
				CLANG_WARN_UNREACHABLE_CODE = YES;
				CLANG_WARN__DUPLICATE_METHOD_MATCH = YES;
				COPY_PHASE_STRIP = NO;
				DEBUG_INFORMATION_FORMAT = "dwarf-with-dsym";
				ENABLE_NS_ASSERTIONS = NO;
				ENABLE_STRICT_OBJC_MSGSEND = YES;
				GCC_C_LANGUAGE_STANDARD = gnu11;
				GCC_NO_COMMON_BLOCKS = YES;
				GCC_WARN_64_TO_32_BIT_CONVERSION = YES;
				GCC_WARN_ABOUT_RETURN_TYPE = YES_ERROR;
				GCC_WARN_UNDECLARED_SELECTOR = YES;
				GCC_WARN_UNINITIALIZED_AUTOS = YES_AGGRESSIVE;
				GCC_WARN_UNUSED_FUNCTION = YES;
				GCC_WARN_UNUSED_VARIABLE = YES;
				IPHONEOS_DEPLOYMENT_TARGET = 13.1;
				MTL_ENABLE_DEBUG_INFO = NO;
				MTL_FAST_MATH = YES;
				SDKROOT = iphoneos;
				SWIFT_COMPILATION_MODE = wholemodule;
				SWIFT_OPTIMIZATION_LEVEL = "-O";
				VALIDATE_PRODUCT = YES;
			};
			name = Release;
		};
		1438DC5B235DD57100E51875 /* Debug */ = {
			isa = XCBuildConfiguration;
			buildSettings = {
				ASSETCATALOG_COMPILER_APPICON_NAME = AppIcon;
				CODE_SIGN_STYLE = Automatic;
				INFOPLIST_FILE = "Gokada App iOS/Info.plist";
				LD_RUNPATH_SEARCH_PATHS = (
					"$(inherited)",
					"@executable_path/Frameworks",
				);
				PRODUCT_BUNDLE_IDENTIFIER = "ng.gokada.native.Gokada-App-iOS";
				PRODUCT_NAME = "$(TARGET_NAME)";
				SWIFT_VERSION = 5.0;
				TARGETED_DEVICE_FAMILY = "1,2";
			};
			name = Debug;
		};
		1438DC5C235DD57100E51875 /* Release */ = {
			isa = XCBuildConfiguration;
			buildSettings = {
				ASSETCATALOG_COMPILER_APPICON_NAME = AppIcon;
				CODE_SIGN_STYLE = Automatic;
				INFOPLIST_FILE = "Gokada App iOS/Info.plist";
				LD_RUNPATH_SEARCH_PATHS = (
					"$(inherited)",
					"@executable_path/Frameworks",
				);
				PRODUCT_BUNDLE_IDENTIFIER = "ng.gokada.native.Gokada-App-iOS";
				PRODUCT_NAME = "$(TARGET_NAME)";
				SWIFT_VERSION = 5.0;
				TARGETED_DEVICE_FAMILY = "1,2";
			};
			name = Release;
		};
		1438DC5E235DD57100E51875 /* Debug */ = {
			isa = XCBuildConfiguration;
			buildSettings = {
				ALWAYS_EMBED_SWIFT_STANDARD_LIBRARIES = YES;
				BUNDLE_LOADER = "$(TEST_HOST)";
				CODE_SIGN_STYLE = Automatic;
				INFOPLIST_FILE = "Gokada App iOSTests/Info.plist";
				IPHONEOS_DEPLOYMENT_TARGET = 13.1;
				LD_RUNPATH_SEARCH_PATHS = (
					"$(inherited)",
					"@executable_path/Frameworks",
					"@loader_path/Frameworks",
				);
				PRODUCT_BUNDLE_IDENTIFIER = "ng.gokada.native.Gokada-App-iOSTests";
				PRODUCT_NAME = "$(TARGET_NAME)";
				SWIFT_VERSION = 5.0;
				TARGETED_DEVICE_FAMILY = "1,2";
				TEST_HOST = "$(BUILT_PRODUCTS_DIR)/Gokada App iOS.app/Gokada App iOS";
			};
			name = Debug;
		};
		1438DC5F235DD57100E51875 /* Release */ = {
			isa = XCBuildConfiguration;
			buildSettings = {
				ALWAYS_EMBED_SWIFT_STANDARD_LIBRARIES = YES;
				BUNDLE_LOADER = "$(TEST_HOST)";
				CODE_SIGN_STYLE = Automatic;
				INFOPLIST_FILE = "Gokada App iOSTests/Info.plist";
				IPHONEOS_DEPLOYMENT_TARGET = 13.1;
				LD_RUNPATH_SEARCH_PATHS = (
					"$(inherited)",
					"@executable_path/Frameworks",
					"@loader_path/Frameworks",
				);
				PRODUCT_BUNDLE_IDENTIFIER = "ng.gokada.native.Gokada-App-iOSTests";
				PRODUCT_NAME = "$(TARGET_NAME)";
				SWIFT_VERSION = 5.0;
				TARGETED_DEVICE_FAMILY = "1,2";
				TEST_HOST = "$(BUILT_PRODUCTS_DIR)/Gokada App iOS.app/Gokada App iOS";
			};
			name = Release;
		};
		1438DC61235DD57100E51875 /* Debug */ = {
			isa = XCBuildConfiguration;
			buildSettings = {
				ALWAYS_EMBED_SWIFT_STANDARD_LIBRARIES = YES;
				CODE_SIGN_STYLE = Automatic;
				INFOPLIST_FILE = "Gokada App iOSUITests/Info.plist";
				LD_RUNPATH_SEARCH_PATHS = (
					"$(inherited)",
					"@executable_path/Frameworks",
					"@loader_path/Frameworks",
				);
				PRODUCT_BUNDLE_IDENTIFIER = "ng.gokada.native.Gokada-App-iOSUITests";
				PRODUCT_NAME = "$(TARGET_NAME)";
				SWIFT_VERSION = 5.0;
				TARGETED_DEVICE_FAMILY = "1,2";
				TEST_TARGET_NAME = "Gokada App iOS";
			};
			name = Debug;
		};
		1438DC62235DD57100E51875 /* Release */ = {
			isa = XCBuildConfiguration;
			buildSettings = {
				ALWAYS_EMBED_SWIFT_STANDARD_LIBRARIES = YES;
				CODE_SIGN_STYLE = Automatic;
				INFOPLIST_FILE = "Gokada App iOSUITests/Info.plist";
				LD_RUNPATH_SEARCH_PATHS = (
					"$(inherited)",
					"@executable_path/Frameworks",
					"@loader_path/Frameworks",
				);
				PRODUCT_BUNDLE_IDENTIFIER = "ng.gokada.native.Gokada-App-iOSUITests";
				PRODUCT_NAME = "$(TARGET_NAME)";
				SWIFT_VERSION = 5.0;
				TARGETED_DEVICE_FAMILY = "1,2";
				TEST_TARGET_NAME = "Gokada App iOS";
			};
			name = Release;
		};
/* End XCBuildConfiguration section */

/* Begin XCConfigurationList section */
		1438DC2B235DD56B00E51875 /* Build configuration list for PBXProject "Gokada App iOS" */ = {
			isa = XCConfigurationList;
			buildConfigurations = (
				1438DC58235DD57100E51875 /* Debug */,
				1438DC59235DD57100E51875 /* Release */,
			);
			defaultConfigurationIsVisible = 0;
			defaultConfigurationName = Release;
		};
		1438DC5A235DD57100E51875 /* Build configuration list for PBXNativeTarget "Gokada App iOS" */ = {
			isa = XCConfigurationList;
			buildConfigurations = (
				1438DC5B235DD57100E51875 /* Debug */,
				1438DC5C235DD57100E51875 /* Release */,
			);
			defaultConfigurationIsVisible = 0;
			defaultConfigurationName = Release;
		};
		1438DC5D235DD57100E51875 /* Build configuration list for PBXNativeTarget "Gokada App iOSTests" */ = {
			isa = XCConfigurationList;
			buildConfigurations = (
				1438DC5E235DD57100E51875 /* Debug */,
				1438DC5F235DD57100E51875 /* Release */,
			);
			defaultConfigurationIsVisible = 0;
			defaultConfigurationName = Release;
		};
		1438DC60235DD57100E51875 /* Build configuration list for PBXNativeTarget "Gokada App iOSUITests" */ = {
			isa = XCConfigurationList;
			buildConfigurations = (
				1438DC61235DD57100E51875 /* Debug */,
				1438DC62235DD57100E51875 /* Release */,
			);
			defaultConfigurationIsVisible = 0;
			defaultConfigurationName = Release;
		};
/* End XCConfigurationList section */
	};
	rootObject = 1438DC28235DD56B00E51875 /* Project object */;
}
